
Microsoft Visual Studio Solution File, Format Version 12.00
# Visual Studio Version 17
VisualStudioVersion = 17.14.36327.8 d17.14
MinimumVisualStudioVersion = 10.0.40219.1
Project("{FAE04EC0-301F-11D3-BF4B-00C04F79EFBC}") = "lab-2b", "lab-2b.csproj", "{77092176-7E2F-4142-81F3-BE379D2D58EC}"
EndProject
Global
	GlobalSection(SolutionConfigurationPlatforms) = preSolution
		Debug|Any CPU = Debug|Any CPU
		Release|Any CPU = Release|Any CPU
	EndGlobalSection
	GlobalSection(ProjectConfigurationPlatforms) = postSolution
		{77092176-7E2F-4142-81F3-BE379D2D58EC}.Debug|Any CPU.ActiveCfg = Debug|Any CPU
		{77092176-7E2F-4142-81F3-BE379D2D58EC}.Debug|Any CPU.Build.0 = Debug|Any CPU
		{77092176-7E2F-4142-81F3-BE379D2D58EC}.Release|Any CPU.ActiveCfg = Release|Any CPU
		{77092176-7E2F-4142-81F3-BE379D2D58EC}.Release|Any CPU.Build.0 = Release|Any CPU
	EndGlobalSection
	GlobalSection(SolutionProperties) = preSolution
		HideSolutionNode = FALSE
	EndGlobalSection
	GlobalSection(ExtensibilityGlobals) = postSolution
		SolutionGuid = {A6249AC5-CAF1-45D0-948E-724D730A3F7E}
	EndGlobalSection
EndGlobal
