
Microsoft Visual Studio Solution File, Format Version 12.00
# Visual Studio Version 17
VisualStudioVersion = 17.14.36327.8 d17.14
MinimumVisualStudioVersion = 10.0.40219.1
Project("{FAE04EC0-301F-11D3-BF4B-00C04F79EFBC}") = "Assign-4", "Assign-4.csproj", "{7EFE96ED-05A7-425C-A572-A4114C26917B}"
EndProject
Global
	GlobalSection(SolutionConfigurationPlatforms) = preSolution
		Debug|Any CPU = Debug|Any CPU
		Release|Any CPU = Release|Any CPU
	EndGlobalSection
	GlobalSection(ProjectConfigurationPlatforms) = postSolution
		{7EFE96ED-05A7-425C-A572-A4114C26917B}.Debug|Any CPU.ActiveCfg = Debug|Any CPU
		{7EFE96ED-05A7-425C-A572-A4114C26917B}.Debug|Any CPU.Build.0 = Debug|Any CPU
		{7EFE96ED-05A7-425C-A572-A4114C26917B}.Release|Any CPU.ActiveCfg = Release|Any CPU
		{7EFE96ED-05A7-425C-A572-A4114C26917B}.Release|Any CPU.Build.0 = Release|Any CPU
	EndGlobalSection
	GlobalSection(SolutionProperties) = preSolution
		HideSolutionNode = FALSE
	EndGlobalSection
	GlobalSection(ExtensibilityGlobals) = postSolution
		SolutionGuid = {27248C4F-D58E-4251-B655-6B305BAF0C10}
	EndGlobalSection
EndGlobal
