
Microsoft Visual Studio Solution File, Format Version 12.00
# Visual Studio Version 17
VisualStudioVersion = 17.14.36623.8 d17.14
MinimumVisualStudioVersion = 10.0.40219.1
Project("{FAE04EC0-301F-11D3-BF4B-00C04F79EFBC}") = "Assignment_P&S_Assembly", "Assignment_P&S_Assembly.csproj", "{BC58CE07-7FE5-467A-A275-514DA503FB49}"
EndProject
Global
	GlobalSection(SolutionConfigurationPlatforms) = preSolution
		Debug|Any CPU = Debug|Any CPU
		Release|Any CPU = Release|Any CPU
	EndGlobalSection
	GlobalSection(ProjectConfigurationPlatforms) = postSolution
		{BC58CE07-7FE5-467A-A275-514DA503FB49}.Debug|Any CPU.ActiveCfg = Debug|Any CPU
		{BC58CE07-7FE5-467A-A275-514DA503FB49}.Debug|Any CPU.Build.0 = Debug|Any CPU
		{BC58CE07-7FE5-467A-A275-514DA503FB49}.Release|Any CPU.ActiveCfg = Release|Any CPU
		{BC58CE07-7FE5-467A-A275-514DA503FB49}.Release|Any CPU.Build.0 = Release|Any CPU
	EndGlobalSection
	GlobalSection(SolutionProperties) = preSolution
		HideSolutionNode = FALSE
	EndGlobalSection
	GlobalSection(ExtensibilityGlobals) = postSolution
		SolutionGuid = {80502F63-9957-4D18-B7A1-E73489CC84A9}
	EndGlobalSection
EndGlobal
